
Microsoft Visual Studio Solution File, Format Version 12.00
# Visual Studio Version 16
VisualStudioVersion = 16.0.30104.148
MinimumVisualStudioVersion = 10.0.40219.1
Project("{FAE04EC0-301F-11D3-BF4B-00C04F79EFBC}") = "FaceDetectionDemo", "FaceDetectionDemo\FaceDetectionDemo.csproj", "{B4947EAF-B9EE-412B-AA98-641FE1EF4CD3}"
EndProject
Global
	GlobalSection(SolutionConfigurationPlatforms) = preSolution
		Debug|Any CPU = Debug|Any CPU
		Release|Any CPU = Release|Any CPU
	EndGlobalSection
	GlobalSection(ProjectConfigurationPlatforms) = postSolution
		{B4947EAF-B9EE-412B-AA98-641FE1EF4CD3}.Debug|Any CPU.ActiveCfg = Debug|Any CPU
		{B4947EAF-B9EE-412B-AA98-641FE1EF4CD3}.Debug|Any CPU.Build.0 = Debug|Any CPU
		{B4947EAF-B9EE-412B-AA98-641FE1EF4CD3}.Release|Any CPU.ActiveCfg = Release|Any CPU
		{B4947EAF-B9EE-412B-AA98-641FE1EF4CD3}.Release|Any CPU.Build.0 = Release|Any CPU
	EndGlobalSection
	GlobalSection(SolutionProperties) = preSolution
		HideSolutionNode = FALSE
	EndGlobalSection
	GlobalSection(ExtensibilityGlobals) = postSolution
		SolutionGuid = {0FB066CD-AE6E-4E77-8712-73B2CA0C2BEA}
	EndGlobalSection
EndGlobal
